
Microsoft Visual Studio Solution File, Format Version 12.00
# Visual Studio Version 16
VisualStudioVersion = 16.0.30406.217
MinimumVisualStudioVersion = 10.0.40219.1
Project("{FAE04EC0-301F-11D3-BF4B-00C04F79EFBC}") = "LocalizaAPICore", "LocalizaAPICore\LocalizaAPICore.csproj", "{C17BAD0A-9279-47CA-8404-C47B5B08A9BA}"
EndProject
Project("{FAE04EC0-301F-11D3-BF4B-00C04F79EFBC}") = "LocalizaAPICoreTest", "LocalizaAPICoreTest\LocalizaAPICoreTest.csproj", "{A6C22CC5-A87E-410A-8B6C-94FCC4D89449}"
EndProject
Global
	GlobalSection(SolutionConfigurationPlatforms) = preSolution
		Debug|Any CPU = Debug|Any CPU
		Release|Any CPU = Release|Any CPU
	EndGlobalSection
	GlobalSection(ProjectConfigurationPlatforms) = postSolution
		{C17BAD0A-9279-47CA-8404-C47B5B08A9BA}.Debug|Any CPU.ActiveCfg = Debug|Any CPU
		{C17BAD0A-9279-47CA-8404-C47B5B08A9BA}.Debug|Any CPU.Build.0 = Debug|Any CPU
		{C17BAD0A-9279-47CA-8404-C47B5B08A9BA}.Release|Any CPU.ActiveCfg = Release|Any CPU
		{C17BAD0A-9279-47CA-8404-C47B5B08A9BA}.Release|Any CPU.Build.0 = Release|Any CPU
		{A6C22CC5-A87E-410A-8B6C-94FCC4D89449}.Debug|Any CPU.ActiveCfg = Debug|Any CPU
		{A6C22CC5-A87E-410A-8B6C-94FCC4D89449}.Debug|Any CPU.Build.0 = Debug|Any CPU
		{A6C22CC5-A87E-410A-8B6C-94FCC4D89449}.Release|Any CPU.ActiveCfg = Release|Any CPU
		{A6C22CC5-A87E-410A-8B6C-94FCC4D89449}.Release|Any CPU.Build.0 = Release|Any CPU
	EndGlobalSection
	GlobalSection(SolutionProperties) = preSolution
		HideSolutionNode = FALSE
	EndGlobalSection
	GlobalSection(ExtensibilityGlobals) = postSolution
		SolutionGuid = {E6D56071-EA47-43AF-871C-77FF6EC3D456}
	EndGlobalSection
EndGlobal
